
Microsoft Visual Studio Solution File, Format Version 12.00
# Visual Studio Version 17
VisualStudioVersion = 17.4.33205.214
MinimumVisualStudioVersion = 10.0.40219.1
Project("{FAE04EC0-301F-11D3-BF4B-00C04F79EFBC}") = "HelloWorldOrd", "HelloWorldOrd\HelloWorldOrd.csproj", "{F8BF3B76-6E9B-42FB-B20C-BE2AC92F3152}"
EndProject
Global
	GlobalSection(SolutionConfigurationPlatforms) = preSolution
		Debug|Any CPU = Debug|Any CPU
		Release|Any CPU = Release|Any CPU
	EndGlobalSection
	GlobalSection(ProjectConfigurationPlatforms) = postSolution
		{F8BF3B76-6E9B-42FB-B20C-BE2AC92F3152}.Debug|Any CPU.ActiveCfg = Debug|Any CPU
		{F8BF3B76-6E9B-42FB-B20C-BE2AC92F3152}.Debug|Any CPU.Build.0 = Debug|Any CPU
		{F8BF3B76-6E9B-42FB-B20C-BE2AC92F3152}.Release|Any CPU.ActiveCfg = Release|Any CPU
		{F8BF3B76-6E9B-42FB-B20C-BE2AC92F3152}.Release|Any CPU.Build.0 = Release|Any CPU
	EndGlobalSection
	GlobalSection(SolutionProperties) = preSolution
		HideSolutionNode = FALSE
	EndGlobalSection
	GlobalSection(ExtensibilityGlobals) = postSolution
		SolutionGuid = {97A5A539-D894-4E3E-AFFA-1307F6CFB0CE}
	EndGlobalSection
EndGlobal
